<?xml version="1.0" encoding="utf-8"?>
<Project ToolsVersion="4.0" xmlns="http://schemas.microsoft.com/developer/msbuild/2003">
  <ItemGroup>
    <Filter Include="Resource Files">
      <UniqueIdentifier>{67DA6AB6-F800-4c08-8B7A-83BB121AAD01}</UniqueIdentifier>
      <Extensions>rc;ico;cur;bmp;dlg;rc2;rct;bin;rgs;gif;jpg;jpeg;jpe;resx;tiff;tif;png;wav;mfcribbon-ms</Extensions>
    </Filter>
    <Filter Include="Tests">
      <UniqueIdentifier>{9cc0f04c-c641-445a-8618-98b45b698ccc}</UniqueIdentifier>
    </Filter>
    <Filter Include="SphereJump">
      <UniqueIdentifier>{64aa87d5-7ef0-49c5-9cc5-96b1672fcc16}</UniqueIdentifier>
    </Filter>
    <Filter Include="Engine">
      <UniqueIdentifier>{3da3fd5b-ae5e-4117-995e-c1b543a72a6a}</UniqueIdentifier>
    </Filter>
    <Filter Include="Engine\Header Files">
      <UniqueIdentifier>{93995380-89BD-4b04-88EB-625FBE52EBFB}</UniqueIdentifier>
      <Extensions>h;hh;hpp;hxx;h++;hm;inl;inc;ipp;xsd</Extensions>
    </Filter>
    <Filter Include="Engine\Header Files\Math">
      <UniqueIdentifier>{6b6cba17-9eed-4894-b002-9eb32a06b958}</UniqueIdentifier>
    </Filter>
    <Filter Include="Engine\Header Files\OpenGL">
      <UniqueIdentifier>{105f078f-7c32-4cb1-b37d-f61c2a97614a}</UniqueIdentifier>
    </Filter>
    <Filter Include="Engine\Header Files\OpenGL\Components">
      <UniqueIdentifier>{144c4afd-18cb-41ba-b4fe-bb5c335ce092}</UniqueIdentifier>
    </Filter>
    <Filter Include="Engine\Header Files\ObjectResources">
      <UniqueIdentifier>{8f6252f2-c818-4654-9270-1e77844120df}</UniqueIdentifier>
    </Filter>
    <Filter Include="Engine\Header Files\ObjectResources\Components">
      <UniqueIdentifier>{4b01c2dd-d4a8-4cfa-999e-2a0a50d96a5c}</UniqueIdentifier>
    </Filter>
    <Filter Include="Engine\Header Files\ObjectResources\Nodes">
      <UniqueIdentifier>{75e94ada-8833-44fc-8edc-dbdb31c68d58}</UniqueIdentifier>
    </Filter>
    <Filter Include="Engine\Header Files\Systems">
      <UniqueIdentifier>{a545e6e7-5f05-4b97-aeba-5d55ad4e94c7}</UniqueIdentifier>
    </Filter>
    <Filter Include="Engine\Header Files\Systems\EventSystem">
      <UniqueIdentifier>{e68e4713-d63d-45a5-bfa7-673fd71c2a8a}</UniqueIdentifier>
    </Filter>
    <Filter Include="Engine\Header Files\Systems\PhysicsSystem">
      <UniqueIdentifier>{fab069bc-abf6-4653-a575-51ce7c3b3d0a}</UniqueIdentifier>
    </Filter>
    <Filter Include="Engine\Header Files\Systems\Components">
      <UniqueIdentifier>{ba637f49-c48f-45b1-9249-01136ca52996}</UniqueIdentifier>
    </Filter>
    <Filter Include="Engine\Header Files\Objects">
      <UniqueIdentifier>{c2ad7f39-d75e-43bd-aac4-613c55ed24c7}</UniqueIdentifier>
    </Filter>
    <Filter Include="Engine\Header Files\Objects\Components">
      <UniqueIdentifier>{2870e2ae-cfad-4131-a6df-e902f6435c87}</UniqueIdentifier>
    </Filter>
    <Filter Include="Engine\Header Files\Deprecated">
      <UniqueIdentifier>{53683385-0148-45a9-878e-5e6e8802b12c}</UniqueIdentifier>
    </Filter>
    <Filter Include="Engine\Source Files">
      <UniqueIdentifier>{4FC737F1-C7A5-4376-A066-2A32D752A2FF}</UniqueIdentifier>
      <Extensions>cpp;c;cc;cxx;c++;cppm;ixx;def;odl;idl;hpj;bat;asm;asmx</Extensions>
    </Filter>
    <Filter Include="Engine\Source Files\Math">
      <UniqueIdentifier>{a0c172f8-4ddc-4e3c-9cee-3d62b5cfab44}</UniqueIdentifier>
    </Filter>
    <Filter Include="Engine\Source Files\Objects">
      <UniqueIdentifier>{e4a66632-9f60-4f58-8144-f62bd60921ba}</UniqueIdentifier>
    </Filter>
    <Filter Include="Engine\Source Files\Objects\Components">
      <UniqueIdentifier>{cf5bff79-b009-4a9d-a567-de5dc0704662}</UniqueIdentifier>
    </Filter>
    <Filter Include="Engine\Source Files\Systems">
      <UniqueIdentifier>{1c5475f8-3819-4306-ad68-4b14ddd209d3}</UniqueIdentifier>
    </Filter>
    <Filter Include="Engine\Source Files\Systems\EventSystem">
      <UniqueIdentifier>{a32370ec-75bd-4092-ab83-a3dfc1f4e91b}</UniqueIdentifier>
    </Filter>
    <Filter Include="Engine\Source Files\Systems\PhysicsSystem">
      <UniqueIdentifier>{3ffc5d6a-2e8e-4fef-a713-f4d10d8e3133}</UniqueIdentifier>
    </Filter>
    <Filter Include="Engine\Source Files\Systems\Components">
      <UniqueIdentifier>{5df04128-1ff1-47a7-985c-74f81df7ab1a}</UniqueIdentifier>
    </Filter>
    <Filter Include="Engine\Source Files\OpenGL">
      <UniqueIdentifier>{3e00e1d2-b733-452c-a5bc-e2d6fd40b0e6}</UniqueIdentifier>
    </Filter>
    <Filter Include="Engine\Source Files\OpenGL\Components">
      <UniqueIdentifier>{44e89a6b-2764-41f7-ba04-ed33d474d34d}</UniqueIdentifier>
    </Filter>
    <Filter Include="Engine\Source Files\ObjectResources">
      <UniqueIdentifier>{90dcd5e3-d0e2-40ce-8411-01aee9c817fc}</UniqueIdentifier>
    </Filter>
    <Filter Include="Engine\Source Files\ObjectResources\Components">
      <UniqueIdentifier>{b4ceb655-6890-4a3b-8cf3-174446e6c373}</UniqueIdentifier>
    </Filter>
    <Filter Include="Engine\Source Files\Deprecated">
      <UniqueIdentifier>{116e4ef2-acb9-4842-b212-4d74b6674224}</UniqueIdentifier>
    </Filter>
    <Filter Include="SphereJump\Header Files">
      <UniqueIdentifier>{92781a5f-1548-4414-a124-5310285165d0}</UniqueIdentifier>
    </Filter>
    <Filter Include="SphereJump\Source Files">
      <UniqueIdentifier>{bbd2025d-556a-4017-8ea6-2fe7731b8a54}</UniqueIdentifier>
    </Filter>
    <Filter Include="SphereJump\Header Files\Components">
      <UniqueIdentifier>{63d2c7f9-fa6b-4200-b623-42d43074832a}</UniqueIdentifier>
    </Filter>
    <Filter Include="Engine\Shaders">
      <UniqueIdentifier>{b20874b9-9397-423b-8562-417be9e8be03}</UniqueIdentifier>
    </Filter>
    <Filter Include="Engine\Header Files\Systems\PhysicsSystem\Components">
      <UniqueIdentifier>{1800fad6-f394-4d7e-bd7c-159f09b640a7}</UniqueIdentifier>
    </Filter>
    <Filter Include="Engine\Source Files\Systems\PhysicsSystem\Components">
      <UniqueIdentifier>{70477c14-dad4-4065-8810-f68c41c954d6}</UniqueIdentifier>
    </Filter>
    <Filter Include="SphereJump\Header Files\Events">
      <UniqueIdentifier>{bac8f0ba-07da-441e-861a-654ad5962561}</UniqueIdentifier>
    </Filter>
    <Filter Include="SphereJump\Header Files\GameObjects">
      <UniqueIdentifier>{55a75db2-e1a3-4e6b-b0aa-1f8e1485d2a0}</UniqueIdentifier>
    </Filter>
    <Filter Include="SphereJump\Source Files\GameObjects">
      <UniqueIdentifier>{05085c6d-0944-4ae6-a46e-ffb540ad1c67}</UniqueIdentifier>
    </Filter>
    <Filter Include="SphereJump\Header Files\Listeners">
      <UniqueIdentifier>{d0b51381-0443-4078-becc-a04c0dfeb238}</UniqueIdentifier>
    </Filter>
    <Filter Include="SphereJump\Source Files\Listeners">
      <UniqueIdentifier>{2bc8542f-1a04-43cf-89bc-e76f5cad3aab}</UniqueIdentifier>
    </Filter>
    <Filter Include="SphereJump\Source Files\Components">
      <UniqueIdentifier>{7314fe49-5fd7-4425-b4be-00c1bcb8e477}</UniqueIdentifier>
    </Filter>
    <Filter Include="Engine\Header Files\Systems\RenderingSystem">
      <UniqueIdentifier>{3093263e-626d-455b-ab65-fcd3fcbac448}</UniqueIdentifier>
    </Filter>
    <Filter Include="Engine\Source Files\Systems\RenderingSystem">
      <UniqueIdentifier>{bd3ef459-aba3-468c-bc4d-877c97dc082a}</UniqueIdentifier>
    </Filter>
    <Filter Include="Engine\Source Files\ObjectResources\Materials/Meshes">
      <UniqueIdentifier>{4e0f8240-3111-4951-aa02-e106ad0d945d}</UniqueIdentifier>
    </Filter>
    <Filter Include="Engine\Header Files\ObjectResources\Materials/Meshes">
      <UniqueIdentifier>{4d195d69-0fb3-4917-935d-b1229b2cf05e}</UniqueIdentifier>
    </Filter>
    <Filter Include="Engine\Header Files\Systems\RenderingSystem\RenderPasses">
      <UniqueIdentifier>{64a77495-12b5-4db7-8cb3-50047fa61c03}</UniqueIdentifier>
    </Filter>
  </ItemGroup>
  <ItemGroup>
    <ClCompile Include="src\Matrix4.cpp">
      <Filter>Engine\Source Files\Math</Filter>
    </ClCompile>
    <ClCompile Include="src\Vector3.cpp">
      <Filter>Engine\Source Files\Math</Filter>
    </ClCompile>
    <ClCompile Include="src\VectorTemplated.cpp">
      <Filter>Engine\Source Files\Math</Filter>
    </ClCompile>
    <ClCompile Include="src\TrianglePrimitive.cpp">
      <Filter>Engine\Source Files\Objects</Filter>
    </ClCompile>
    <ClCompile Include="src\SceneGraph.cpp">
      <Filter>Engine\Source Files\Systems</Filter>
    </ClCompile>
    <ClCompile Include="src\GeometryBuffer.cpp">
      <Filter>Engine\Source Files\OpenGL</Filter>
    </ClCompile>
    <ClCompile Include="src\Shader.cpp">
      <Filter>Engine\Source Files\OpenGL</Filter>
    </ClCompile>
    <ClCompile Include="src\Node.cpp">
      <Filter>Engine\Source Files\ObjectResources</Filter>
    </ClCompile>
    <ClCompile Include="src\RenderableNode.cpp">
      <Filter>Engine\Source Files\ObjectResources</Filter>
    </ClCompile>
    <ClCompile Include="src\glad.c">
      <Filter>Engine\Source Files\OpenGL</Filter>
    </ClCompile>
    <ClCompile Include="src\Input.cpp">
      <Filter>Engine\Source Files\Systems</Filter>
    </ClCompile>
    <ClCompile Include="src\FramerateController.inl">
      <Filter>Engine\Source Files\Systems</Filter>
    </ClCompile>
    <ClCompile Include="src\EventManager.cpp">
      <Filter>Engine\Source Files\Systems\EventSystem</Filter>
    </ClCompile>
    <ClCompile Include="src\AABB.cpp">
      <Filter>Engine\Source Files\Systems\PhysicsSystem</Filter>
    </ClCompile>
    <ClCompile Include="src\Sphere.cpp">
      <Filter>Engine\Source Files\Systems\PhysicsSystem</Filter>
    </ClCompile>
    <ClCompile Include="src\CollisionGenerator.cpp">
      <Filter>Engine\Source Files\Systems\PhysicsSystem</Filter>
    </ClCompile>
    <ClCompile Include="src\CollisionListener.cpp">
      <Filter>Engine\Source Files\Systems\PhysicsSystem</Filter>
    </ClCompile>
    <ClCompile Include="src\OBB.cpp">
      <Filter>Engine\Source Files\Systems\PhysicsSystem</Filter>
    </ClCompile>
    <ClCompile Include="src\PhysicsManager.cpp">
      <Filter>Engine\Source Files\Systems\PhysicsSystem</Filter>
    </ClCompile>
    <ClCompile Include="src\TriangleTest.cpp">
      <Filter>Tests</Filter>
    </ClCompile>
    <ClCompile Include="src\PhysicsTest.cpp">
      <Filter>Tests</Filter>
    </ClCompile>
    <ClCompile Include="src\RectanglePrimitive.cpp">
      <Filter>Engine\Source Files\Objects</Filter>
    </ClCompile>
    <ClCompile Include="src\TankBattle.cpp">
      <Filter>SphereJump</Filter>
    </ClCompile>
    <ClCompile Include="src\Component.cpp">
      <Filter>Engine\Source Files\Systems\Components</Filter>
    </ClCompile>
    <ClCompile Include="src\RendererOld.cpp">
      <Filter>Engine\Source Files\Deprecated</Filter>
    </ClCompile>
    <ClCompile Include="src\GameWindow.cpp">
      <Filter>Engine\Source Files\OpenGL\Components</Filter>
    </ClCompile>
    <ClCompile Include="src\GameWindowOld.cpp">
      <Filter>Engine\Source Files\Deprecated</Filter>
    </ClCompile>
    <ClCompile Include="src\InputOld.cpp">
      <Filter>Engine\Source Files\Deprecated</Filter>
    </ClCompile>
    <ClCompile Include="src\GameObjectOld.cpp">
      <Filter>Engine\Source Files\Deprecated</Filter>
    </ClCompile>
    <ClCompile Include="src\GameObject.cpp">
      <Filter>Engine\Source Files\Objects\Components</Filter>
    </ClCompile>
    <ClCompile Include="src\Camera.cpp">
      <Filter>Engine\Source Files\Objects\Components</Filter>
    </ClCompile>
    <ClCompile Include="src\Render2D.cpp">
      <Filter>Engine\Source Files\ObjectResources\Components</Filter>
    </ClCompile>
    <ClCompile Include="src\PhysicsBodyOld.cpp">
      <Filter>Engine\Source Files\Deprecated</Filter>
    </ClCompile>
    <ClCompile Include="src\PhysicsBody.cpp">
      <Filter>Engine\Source Files\Systems\PhysicsSystem\Components</Filter>
    </ClCompile>
    <ClCompile Include="src\Tank.cpp">
      <Filter>SphereJump\Source Files\GameObjects</Filter>
    </ClCompile>
    <ClCompile Include="src\Bullet.cpp">
      <Filter>SphereJump\Source Files\GameObjects</Filter>
    </ClCompile>
    <ClCompile Include="src\BulletHitListener.cpp">
      <Filter>SphereJump\Source Files\Listeners</Filter>
    </ClCompile>
    <ClCompile Include="src\Wall.cpp">
      <Filter>SphereJump\Source Files\GameObjects</Filter>
    </ClCompile>
    <ClCompile Include="src\Movement.cpp">
      <Filter>SphereJump\Source Files\Components</Filter>
    </ClCompile>
    <ClCompile Include="src\Shoot.cpp">
      <Filter>SphereJump\Source Files\Components</Filter>
    </ClCompile>
    <ClCompile Include="src\Renderer.cpp">
      <Filter>Engine\Source Files\Systems\RenderingSystem</Filter>
    </ClCompile>
    <ClCompile Include="src\RenderPass.cpp">
      <Filter>Engine\Source Files\Systems\RenderingSystem</Filter>
    </ClCompile>
    <ClCompile Include="src\MaterialDeprecated.cpp">
      <Filter>Engine\Source Files\Deprecated</Filter>
    </ClCompile>
    <ClCompile Include="src\Material.cpp">
      <Filter>Engine\Source Files\ObjectResources\Materials/Meshes</Filter>
    </ClCompile>
    <ClCompile Include="src\GraphicsTest.cpp">
      <Filter>Tests</Filter>
    </ClCompile>
    <ClCompile Include="src\Texture.cpp">
      <Filter>Engine\Source Files\Deprecated</Filter>
    </ClCompile>
    <ClCompile Include="src\RendererStateSaver.cpp">
      <Filter>Engine\Source Files\Systems\RenderingSystem</Filter>
    </ClCompile>
    <ClCompile Include="src\AmbientLight.cpp">
      <Filter>Engine\Source Files\Systems\RenderingSystem</Filter>
    </ClCompile>
    <ClCompile Include="src\LightManager.cpp">
      <Filter>Engine\Source Files\Systems\RenderingSystem</Filter>
    </ClCompile>
    <ClCompile Include="src\PointLight.cpp">
      <Filter>Engine\Source Files\Systems\RenderingSystem</Filter>
    </ClCompile>
    <ClCompile Include="src\RenderGraph.cpp">
      <Filter>Engine\Source Files\Systems\RenderingSystem</Filter>
    </ClCompile>
    <ClCompile Include="src\TextureManager.cpp">
      <Filter>Engine\Source Files\Systems\RenderingSystem</Filter>
    </ClCompile>
    <ClCompile Include="src\Mesh.cpp">
      <Filter>Engine\Source Files\ObjectResources\Materials/Meshes</Filter>
    </ClCompile>
    <ClCompile Include="src\ShaderManager.cpp">
      <Filter>Engine\Source Files</Filter>
    </ClCompile>
    <ClCompile Include="src\DebugMaterial.cpp">
      <Filter>Engine\Source Files</Filter>
    </ClCompile>
    <ClCompile Include="src\TextureMaterial.cpp">
      <Filter>Engine\Source Files</Filter>
    </ClCompile>
    <ClCompile Include="src\Movement3D.cpp">
      <Filter>Engine\Source Files</Filter>
    </ClCompile>
    <ClCompile Include="src\EngineDemo.cpp">
      <Filter>Tests</Filter>
    </ClCompile>
  </ItemGroup>
  <ItemGroup>
    <ClInclude Include="src\Matrix4.h">
      <Filter>Engine\Header Files\Math</Filter>
    </ClInclude>
    <ClInclude Include="src\Vector3.h">
      <Filter>Engine\Header Files\Math</Filter>
    </ClInclude>
    <ClInclude Include="src\VectorTemplated.h">
      <Filter>Engine\Header Files\Math</Filter>
    </ClInclude>
    <ClInclude Include="src\GeometryBuffer.h">
      <Filter>Engine\Header Files\OpenGL</Filter>
    </ClInclude>
    <ClInclude Include="src\Shader.h">
      <Filter>Engine\Header Files\OpenGL</Filter>
    </ClInclude>
    <ClInclude Include="src\Transform.h">
      <Filter>Engine\Header Files\Math</Filter>
    </ClInclude>
    <ClInclude Include="src\RenderableNode.h">
      <Filter>Engine\Header Files\ObjectResources</Filter>
    </ClInclude>
    <ClInclude Include="src\SceneGraph.h">
      <Filter>Engine\Header Files\Systems</Filter>
    </ClInclude>
    <ClInclude Include="src\TrianglePrimitive.h">
      <Filter>Engine\Header Files\Objects</Filter>
    </ClInclude>
    <ClInclude Include="src\Input.h">
      <Filter>Engine\Header Files\Systems</Filter>
    </ClInclude>
    <ClInclude Include="src\InputKeys.h">
      <Filter>Engine\Header Files\Systems</Filter>
    </ClInclude>
    <ClInclude Include="src\FramerateController.h">
      <Filter>Engine\Header Files\Systems</Filter>
    </ClInclude>
    <ClInclude Include="src\Event.h">
      <Filter>Engine\Header Files\Systems\EventSystem</Filter>
    </ClInclude>
    <ClInclude Include="src\EventListener.h">
      <Filter>Engine\Header Files\Systems\EventSystem</Filter>
    </ClInclude>
    <ClInclude Include="src\EventManager.h">
      <Filter>Engine\Header Files\Systems\EventSystem</Filter>
    </ClInclude>
    <ClInclude Include="src\Shape.h">
      <Filter>Engine\Header Files\Systems\PhysicsSystem</Filter>
    </ClInclude>
    <ClInclude Include="src\AABB.h">
      <Filter>Engine\Header Files\Systems\PhysicsSystem</Filter>
    </ClInclude>
    <ClInclude Include="src\CollisionGenerator.h">
      <Filter>Engine\Header Files\Systems\PhysicsSystem</Filter>
    </ClInclude>
    <ClInclude Include="src\Sphere.h">
      <Filter>Engine\Header Files\Systems\PhysicsSystem</Filter>
    </ClInclude>
    <ClInclude Include="src\CollisionEvent.h">
      <Filter>Engine\Header Files\Systems\PhysicsSystem</Filter>
    </ClInclude>
    <ClInclude Include="src\CollisionListener.h">
      <Filter>Engine\Header Files\Systems\PhysicsSystem</Filter>
    </ClInclude>
    <ClInclude Include="src\Contact.h">
      <Filter>Engine\Header Files\Systems\PhysicsSystem</Filter>
    </ClInclude>
    <ClInclude Include="src\OBB.h">
      <Filter>Engine\Header Files\Systems\PhysicsSystem</Filter>
    </ClInclude>
    <ClInclude Include="src\PhysicsManager.h">
      <Filter>Engine\Header Files\Systems\PhysicsSystem</Filter>
    </ClInclude>
    <ClInclude Include="src\RectanglePrimitive.h">
      <Filter>Engine\Header Files\Objects</Filter>
    </ClInclude>
    <ClInclude Include="src\EngineTests.h">
      <Filter>Tests</Filter>
    </ClInclude>
    <ClInclude Include="src\Component.h">
      <Filter>Engine\Header Files\Systems\Components</Filter>
    </ClInclude>
    <ClInclude Include="src\RendererOld.h">
      <Filter>Engine\Header Files\Deprecated</Filter>
    </ClInclude>
    <ClInclude Include="src\GameWindow.h">
      <Filter>Engine\Header Files\OpenGL\Components</Filter>
    </ClInclude>
    <ClInclude Include="src\GameWindowOld.h">
      <Filter>Engine\Header Files\Deprecated</Filter>
    </ClInclude>
    <ClInclude Include="src\InputOld.h">
      <Filter>Engine\Header Files\Deprecated</Filter>
    </ClInclude>
    <ClInclude Include="src\GameObjectOld.h">
      <Filter>Engine\Header Files\Deprecated</Filter>
    </ClInclude>
    <ClInclude Include="src\GameObject.h">
      <Filter>Engine\Header Files\Objects\Components</Filter>
    </ClInclude>
    <ClInclude Include="src\Render2D.h">
      <Filter>Engine\Header Files\ObjectResources\Components</Filter>
    </ClInclude>
    <ClInclude Include="src\Camera.h">
      <Filter>Engine\Header Files\Objects\Components</Filter>
    </ClInclude>
    <ClInclude Include="src\Node.h">
      <Filter>Engine\Header Files\ObjectResources\Nodes</Filter>
    </ClInclude>
    <ClInclude Include="src\PhysicsBodyOld.h">
      <Filter>Engine\Header Files\Deprecated</Filter>
    </ClInclude>
    <ClInclude Include="src\PhysicsBody.h">
      <Filter>Engine\Header Files\Systems\PhysicsSystem\Components</Filter>
    </ClInclude>
    <ClInclude Include="src\BulletSpawnEvent.h">
      <Filter>SphereJump\Header Files\Events</Filter>
    </ClInclude>
    <ClInclude Include="src\Movement.h">
      <Filter>SphereJump\Header Files\Components</Filter>
    </ClInclude>
    <ClInclude Include="src\Tank.h">
      <Filter>SphereJump\Header Files\GameObjects</Filter>
    </ClInclude>
    <ClInclude Include="src\Bullet.h">
      <Filter>SphereJump\Header Files\GameObjects</Filter>
    </ClInclude>
    <ClInclude Include="src\BulletHitListener.h">
      <Filter>SphereJump\Header Files\Listeners</Filter>
    </ClInclude>
    <ClInclude Include="src\Wall.h">
      <Filter>SphereJump\Header Files\GameObjects</Filter>
    </ClInclude>
    <ClInclude Include="src\Shoot.h">
      <Filter>SphereJump\Header Files\Components</Filter>
    </ClInclude>
    <ClInclude Include="src\Renderer.h">
      <Filter>Engine\Header Files\Systems\RenderingSystem</Filter>
    </ClInclude>
    <ClInclude Include="src\RenderGraph.h">
      <Filter>Engine\Header Files\Systems\RenderingSystem</Filter>
    </ClInclude>
    <ClInclude Include="src\Material.h">
      <Filter>Engine\Header Files\ObjectResources\Materials/Meshes</Filter>
    </ClInclude>
    <ClInclude Include="src\MaterialDeprecated.h">
      <Filter>Engine\Header Files\Deprecated</Filter>
    </ClInclude>
    <ClInclude Include="src\Light.h">
      <Filter>Engine\Header Files\ObjectResources\Components</Filter>
    </ClInclude>
    <ClInclude Include="src\LightManager.h">
      <Filter>Engine\Header Files\Systems\RenderingSystem</Filter>
    </ClInclude>
    <ClInclude Include="src\PointLight.h">
      <Filter>Engine\Header Files\ObjectResources\Components</Filter>
    </ClInclude>
    <ClInclude Include="src\AmbientLight.h">
      <Filter>Engine\Header Files\ObjectResources\Components</Filter>
    </ClInclude>
    <ClInclude Include="src\Texture.h">
      <Filter>Engine\Header Files\Deprecated</Filter>
    </ClInclude>
    <ClInclude Include="src\RendererStateSaver.h">
      <Filter>Engine\Header Files\Systems\RenderingSystem</Filter>
    </ClInclude>
    <ClInclude Include="src\TextureManager.h">
      <Filter>Engine\Header Files\Systems\RenderingSystem</Filter>
    </ClInclude>
    <ClInclude Include="src\TextureParametersOpenGL.h">
      <Filter>Engine\Header Files\OpenGL</Filter>
    </ClInclude>
    <ClInclude Include="src\Mesh.h">
      <Filter>Engine\Header Files\ObjectResources\Materials/Meshes</Filter>
    </ClInclude>
    <ClInclude Include="src\LightingPass.h">
      <Filter>Engine\Header Files\Systems\RenderingSystem\RenderPasses</Filter>
    </ClInclude>
    <ClInclude Include="src\RenderPass.h">
      <Filter>Engine\Header Files\Systems\RenderingSystem\RenderPasses</Filter>
    </ClInclude>
    <ClInclude Include="src\BasicRenderPass.h">
      <Filter>Engine\Header Files\Systems\RenderingSystem\RenderPasses</Filter>
    </ClInclude>
    <ClInclude Include="src\ShaderManager.h">
      <Filter>Engine\Header Files\Systems\RenderingSystem</Filter>
    </ClInclude>
    <ClInclude Include="src\DebugPass.h">
      <Filter>Engine\Header Files\Systems\RenderingSystem\RenderPasses</Filter>
    </ClInclude>
    <ClInclude Include="src\DebugMaterial.h">
      <Filter>Engine\Header Files\ObjectResources\Materials/Meshes</Filter>
    </ClInclude>
    <ClInclude Include="src\Material.inl">
      <Filter>Engine\Source Files\ObjectResources\Materials/Meshes</Filter>
    </ClInclude>
    <ClInclude Include="src\TextureMaterial.h">
      <Filter>Engine\Header Files\ObjectResources\Materials/Meshes</Filter>
    </ClInclude>
    <ClInclude Include="src\SolidColorMaterial.h">
      <Filter>Engine\Header Files\ObjectResources\Materials/Meshes</Filter>
    </ClInclude>
    <ClInclude Include="src\Movement3D.h">
      <Filter>Engine\Header Files\ObjectResources\Components</Filter>
    </ClInclude>
  </ItemGroup>
  <ItemGroup>
    <None Include="shaders\main_vertex_shader.glsl">
      <Filter>Engine\Shaders</Filter>
    </None>
    <None Include="shaders\main_fragment_shader.glsl">
      <Filter>Engine\Shaders</Filter>
    </None>
    <None Include="src\EventListener.inl">
      <Filter>Engine\Header Files\Systems\EventSystem</Filter>
    </None>
    <None Include="shaders\physics_test_vertex_shader.glsl">
      <Filter>Engine\Shaders</Filter>
    </None>
    <None Include="shaders\physics_test_fragment_shader.glsl">
      <Filter>Engine\Shaders</Filter>
    </None>
    <None Include="src\GameObject.inl">
      <Filter>Engine\Source Files\Objects\Components</Filter>
    </None>
    <None Include="shaders\factory_vertex_shader.vert.glsl">
      <Filter>Engine\Shaders</Filter>
    </None>
    <None Include="shaders\factory_frag_shader.frag.glsl">
      <Filter>Engine\Shaders</Filter>
    </None>
    <None Include="src\RenderGraph.inl">
      <Filter>Engine\Source Files\Systems\RenderingSystem</Filter>
    </None>
    <None Include="shaders\basic_render.vert.glsl">
      <Filter>Engine\Shaders</Filter>
    </None>
    <None Include="shaders\basic_render.frag.glsl">
      <Filter>Engine\Shaders</Filter>
    </None>
    <None Include="shaders\debug.frag.glsl">
      <Filter>Engine\Shaders</Filter>
    </None>
    <None Include="shaders\debug.vert.glsl">
      <Filter>Engine\Shaders</Filter>
    </None>
  </ItemGroup>
</Project>