<?xml version="1.0" encoding="utf-8"?>
<Project ToolsVersion="4.0" xmlns="http://schemas.microsoft.com/developer/msbuild/2003">
  <ItemGroup>
    <Filter Include="Source Files">
      <UniqueIdentifier>{4FC737F1-C7A5-4376-A066-2A32D752A2FF}</UniqueIdentifier>
      <Extensions>cpp;c;cc;cxx;c++;cppm;ixx;def;odl;idl;hpj;bat;asm;asmx</Extensions>
    </Filter>
    <Filter Include="Header Files">
      <UniqueIdentifier>{93995380-89BD-4b04-88EB-625FBE52EBFB}</UniqueIdentifier>
      <Extensions>h;hh;hpp;hxx;h++;hm;inl;inc;ipp;xsd</Extensions>
    </Filter>
    <Filter Include="Resource Files">
      <UniqueIdentifier>{67DA6AB6-F800-4c08-8B7A-83BB121AAD01}</UniqueIdentifier>
      <Extensions>rc;ico;cur;bmp;dlg;rc2;rct;bin;rgs;gif;jpg;jpeg;jpe;resx;tiff;tif;png;wav;mfcribbon-ms</Extensions>
    </Filter>
    <Filter Include="Source Files\Math">
      <UniqueIdentifier>{a0c172f8-4ddc-4e3c-9cee-3d62b5cfab44}</UniqueIdentifier>
    </Filter>
    <Filter Include="Header Files\Math">
      <UniqueIdentifier>{6b6cba17-9eed-4894-b002-9eb32a06b958}</UniqueIdentifier>
    </Filter>
    <Filter Include="Shaders">
      <UniqueIdentifier>{b20874b9-9397-423b-8562-417be9e8be03}</UniqueIdentifier>
    </Filter>
    <Filter Include="Header Files\OpenGL">
      <UniqueIdentifier>{105f078f-7c32-4cb1-b37d-f61c2a97614a}</UniqueIdentifier>
    </Filter>
    <Filter Include="Header Files\ObjectResources">
      <UniqueIdentifier>{8f6252f2-c818-4654-9270-1e77844120df}</UniqueIdentifier>
    </Filter>
    <Filter Include="Header Files\Systems">
      <UniqueIdentifier>{a545e6e7-5f05-4b97-aeba-5d55ad4e94c7}</UniqueIdentifier>
    </Filter>
    <Filter Include="Header Files\Objects">
      <UniqueIdentifier>{c2ad7f39-d75e-43bd-aac4-613c55ed24c7}</UniqueIdentifier>
    </Filter>
    <Filter Include="Source Files\Objects">
      <UniqueIdentifier>{e4a66632-9f60-4f58-8144-f62bd60921ba}</UniqueIdentifier>
    </Filter>
    <Filter Include="Source Files\Systems">
      <UniqueIdentifier>{1c5475f8-3819-4306-ad68-4b14ddd209d3}</UniqueIdentifier>
    </Filter>
    <Filter Include="Source Files\OpenGL">
      <UniqueIdentifier>{3e00e1d2-b733-452c-a5bc-e2d6fd40b0e6}</UniqueIdentifier>
    </Filter>
    <Filter Include="Source Files\ObjectResources">
      <UniqueIdentifier>{90dcd5e3-d0e2-40ce-8411-01aee9c817fc}</UniqueIdentifier>
    </Filter>
    <Filter Include="Header Files\Systems\EventSystem">
      <UniqueIdentifier>{e68e4713-d63d-45a5-bfa7-673fd71c2a8a}</UniqueIdentifier>
    </Filter>
    <Filter Include="Source Files\Systems\EventSystem">
      <UniqueIdentifier>{a32370ec-75bd-4092-ab83-a3dfc1f4e91b}</UniqueIdentifier>
    </Filter>
    <Filter Include="Source Files\Systems\PhysicsSystem">
      <UniqueIdentifier>{3ffc5d6a-2e8e-4fef-a713-f4d10d8e3133}</UniqueIdentifier>
    </Filter>
    <Filter Include="Header Files\Systems\PhysicsSystem">
      <UniqueIdentifier>{fab069bc-abf6-4653-a575-51ce7c3b3d0a}</UniqueIdentifier>
    </Filter>
    <Filter Include="Tests">
      <UniqueIdentifier>{9cc0f04c-c641-445a-8618-98b45b698ccc}</UniqueIdentifier>
    </Filter>
  </ItemGroup>
  <ItemGroup>
    <ClCompile Include="src\Matrix4.cpp">
      <Filter>Source Files\Math</Filter>
    </ClCompile>
    <ClCompile Include="src\Vector3.cpp">
      <Filter>Source Files\Math</Filter>
    </ClCompile>
    <ClCompile Include="src\VectorTemplated.cpp">
      <Filter>Source Files\Math</Filter>
    </ClCompile>
    <ClCompile Include="src\TrianglePrimitive.cpp">
      <Filter>Source Files\Objects</Filter>
    </ClCompile>
    <ClCompile Include="src\SceneGraph.cpp">
      <Filter>Source Files\Systems</Filter>
    </ClCompile>
    <ClCompile Include="src\GameWindow.cpp">
      <Filter>Source Files\OpenGL</Filter>
    </ClCompile>
    <ClCompile Include="src\GeometryBuffer.cpp">
      <Filter>Source Files\OpenGL</Filter>
    </ClCompile>
    <ClCompile Include="src\Renderer.cpp">
      <Filter>Source Files\OpenGL</Filter>
    </ClCompile>
    <ClCompile Include="src\Shader.cpp">
      <Filter>Source Files\OpenGL</Filter>
    </ClCompile>
    <ClCompile Include="src\Material.cpp">
      <Filter>Source Files\ObjectResources</Filter>
    </ClCompile>
    <ClCompile Include="src\Mesh.cpp">
      <Filter>Source Files\ObjectResources</Filter>
    </ClCompile>
    <ClCompile Include="src\Node.cpp">
      <Filter>Source Files\ObjectResources</Filter>
    </ClCompile>
    <ClCompile Include="src\RenderableNode.cpp">
      <Filter>Source Files\ObjectResources</Filter>
    </ClCompile>
    <ClCompile Include="src\glad.c">
      <Filter>Source Files\OpenGL</Filter>
    </ClCompile>
    <ClCompile Include="src\Input.cpp">
      <Filter>Source Files\Systems</Filter>
    </ClCompile>
    <ClCompile Include="src\FramerateController.cpp">
      <Filter>Source Files\Systems</Filter>
    </ClCompile>
    <ClCompile Include="src\EventManager.cpp">
      <Filter>Source Files\Systems\EventSystem</Filter>
    </ClCompile>
    <ClCompile Include="src\AABB.cpp">
      <Filter>Source Files\Systems\PhysicsSystem</Filter>
    </ClCompile>
    <ClCompile Include="src\Circle.cpp">
      <Filter>Source Files\Systems\PhysicsSystem</Filter>
    </ClCompile>
    <ClCompile Include="src\CollisionGenerator.cpp">
      <Filter>Source Files\Systems\PhysicsSystem</Filter>
    </ClCompile>
    <ClCompile Include="src\CollisionListener.cpp">
      <Filter>Source Files\Systems\PhysicsSystem</Filter>
    </ClCompile>
    <ClCompile Include="src\OBB.cpp">
      <Filter>Source Files\Systems\PhysicsSystem</Filter>
    </ClCompile>
    <ClCompile Include="src\PhysicsBody.cpp">
      <Filter>Source Files\Systems\PhysicsSystem</Filter>
    </ClCompile>
    <ClCompile Include="src\PhysicsManager.cpp">
      <Filter>Source Files\Systems\PhysicsSystem</Filter>
    </ClCompile>
    <ClCompile Include="src\TriangleTest.cpp">
      <Filter>Tests</Filter>
    </ClCompile>
    <ClCompile Include="src\PhysicsTest.cpp">
      <Filter>Tests</Filter>
    </ClCompile>
    <ClCompile Include="src\RectanglePrimitive.cpp">
      <Filter>Source Files\Objects</Filter>
    </ClCompile>
    <ClCompile Include="src\Texture.cpp">
      <Filter>Source Files\ObjectResources</Filter>
    </ClCompile>
    <ClCompile Include="src\GameObject.cpp">
      <Filter>Source Files\Objects</Filter>
    </ClCompile>
  </ItemGroup>
  <ItemGroup>
    <ClInclude Include="src\Matrix4.h">
      <Filter>Header Files\Math</Filter>
    </ClInclude>
    <ClInclude Include="src\Vector3.h">
      <Filter>Header Files\Math</Filter>
    </ClInclude>
    <ClInclude Include="src\VectorTemplated.h">
      <Filter>Header Files\Math</Filter>
    </ClInclude>
    <ClInclude Include="src\GeometryBuffer.h">
      <Filter>Header Files\OpenGL</Filter>
    </ClInclude>
    <ClInclude Include="src\Shader.h">
      <Filter>Header Files\OpenGL</Filter>
    </ClInclude>
    <ClInclude Include="src\Transform.h">
      <Filter>Header Files\Math</Filter>
    </ClInclude>
    <ClInclude Include="src\GameWindow.h">
      <Filter>Header Files\OpenGL</Filter>
    </ClInclude>
    <ClInclude Include="src\Material.h">
      <Filter>Header Files\ObjectResources</Filter>
    </ClInclude>
    <ClInclude Include="src\Mesh.h">
      <Filter>Header Files\ObjectResources</Filter>
    </ClInclude>
    <ClInclude Include="src\Node.h">
      <Filter>Header Files\ObjectResources</Filter>
    </ClInclude>
    <ClInclude Include="src\RenderableNode.h">
      <Filter>Header Files\ObjectResources</Filter>
    </ClInclude>
    <ClInclude Include="src\SceneGraph.h">
      <Filter>Header Files\Systems</Filter>
    </ClInclude>
    <ClInclude Include="src\TrianglePrimitive.h">
      <Filter>Header Files\Objects</Filter>
    </ClInclude>
    <ClInclude Include="src\Renderer.h">
      <Filter>Header Files\OpenGL</Filter>
    </ClInclude>
    <ClInclude Include="src\Input.h">
      <Filter>Header Files\Systems</Filter>
    </ClInclude>
    <ClInclude Include="src\InputKeys.h">
      <Filter>Header Files\Systems</Filter>
    </ClInclude>
    <ClInclude Include="src\FramerateController.h">
      <Filter>Header Files\Systems</Filter>
    </ClInclude>
    <ClInclude Include="src\Event.h">
      <Filter>Header Files\Systems\EventSystem</Filter>
    </ClInclude>
    <ClInclude Include="src\EventListener.h">
      <Filter>Header Files\Systems\EventSystem</Filter>
    </ClInclude>
    <ClInclude Include="src\EventManager.h">
      <Filter>Header Files\Systems\EventSystem</Filter>
    </ClInclude>
    <ClInclude Include="src\Shape.h">
      <Filter>Header Files\Systems\PhysicsSystem</Filter>
    </ClInclude>
    <ClInclude Include="src\AABB.h">
      <Filter>Header Files\Systems\PhysicsSystem</Filter>
    </ClInclude>
    <ClInclude Include="src\CollisionGenerator.h">
      <Filter>Header Files\Systems\PhysicsSystem</Filter>
    </ClInclude>
    <ClInclude Include="src\Circle.h">
      <Filter>Header Files\Systems\PhysicsSystem</Filter>
    </ClInclude>
    <ClInclude Include="src\CollisionEvent.h">
      <Filter>Header Files\Systems\PhysicsSystem</Filter>
    </ClInclude>
    <ClInclude Include="src\CollisionListener.h">
      <Filter>Header Files\Systems\PhysicsSystem</Filter>
    </ClInclude>
    <ClInclude Include="src\Contact.h">
      <Filter>Header Files\Systems\PhysicsSystem</Filter>
    </ClInclude>
    <ClInclude Include="src\OBB.h">
      <Filter>Header Files\Systems\PhysicsSystem</Filter>
    </ClInclude>
    <ClInclude Include="src\PhysicsBody.h">
      <Filter>Header Files\Systems\PhysicsSystem</Filter>
    </ClInclude>
    <ClInclude Include="src\PhysicsManager.h">
      <Filter>Header Files\Systems\PhysicsSystem</Filter>
    </ClInclude>
    <ClInclude Include="src\RectanglePrimitive.h">
      <Filter>Header Files\Objects</Filter>
    </ClInclude>
    <ClInclude Include="src\Texture.h">
      <Filter>Header Files\ObjectResources</Filter>
    </ClInclude>
    <ClInclude Include="src\GameObject.h">
      <Filter>Header Files\Objects</Filter>
    </ClInclude>
  </ItemGroup>
  <ItemGroup>
    <None Include="shaders\main_vertex_shader.glsl">
      <Filter>Shaders</Filter>
    </None>
    <None Include="shaders\main_fragment_shader.glsl">
      <Filter>Shaders</Filter>
    </None>
    <None Include="src\EventListener.inl">
      <Filter>Header Files\Systems\EventSystem</Filter>
    </None>
    <None Include="shaders\physics_test_vertex_shader.glsl">
      <Filter>Shaders</Filter>
    </None>
    <None Include="shaders\physics_test_fragment_shader.glsl">
      <Filter>Shaders</Filter>
    </None>
  </ItemGroup>
</Project>